{
  "name": "pentex-example-article",
  "version": "1.0.2",
  "lockfileVersion": 3,
  "requires": true,
  "packages": {
    "": {
      "name": "pentex-example-article",
      "version": "1.0.2",
      "license": "MIT",
      "dependencies": {
        "pentex-example-article": "^1.0.2"
      }
    },
    "node_modules/pentex-example-article": {
      "version": "1.0.2",
      "resolved": "https://registry.npmjs.org/pentex-example-article/-/pentex-example-article-1.0.2.tgz",
      "integrity": "sha512-J8xzR5GaRm58sK0OFWRzQA84j5EoPV994k8FUgpDgBRjaSh88qAU7L0PkoTSCFOplIuNO9Nn1iKocHNc9e5tKQ=="
    }
  }
}
